
Microsoft Visual Studio Solution File, Format Version 12.00
# Visual Studio 15
VisualStudioVersion = 15.0.27130.2010
MinimumVisualStudioVersion = 10.0.40219.1
Project("{FAE04EC0-301F-11D3-BF4B-00C04F79EFBC}") = "GxG.AuthTest", "GxG.AuthTest\GxG.AuthTest.csproj", "{13F93DB4-D80C-4227-8A91-7BE3B9547751}"
EndProject
Global
	GlobalSection(SolutionConfigurationPlatforms) = preSolution
		Debug|Any CPU = Debug|Any CPU
		Release|Any CPU = Release|Any CPU
	EndGlobalSection
	GlobalSection(ProjectConfigurationPlatforms) = postSolution
		{13F93DB4-D80C-4227-8A91-7BE3B9547751}.Debug|Any CPU.ActiveCfg = Debug|Any CPU
		{13F93DB4-D80C-4227-8A91-7BE3B9547751}.Debug|Any CPU.Build.0 = Debug|Any CPU
		{13F93DB4-D80C-4227-8A91-7BE3B9547751}.Release|Any CPU.ActiveCfg = Release|Any CPU
		{13F93DB4-D80C-4227-8A91-7BE3B9547751}.Release|Any CPU.Build.0 = Release|Any CPU
	EndGlobalSection
	GlobalSection(SolutionProperties) = preSolution
		HideSolutionNode = FALSE
	EndGlobalSection
	GlobalSection(ExtensibilityGlobals) = postSolution
		SolutionGuid = {9540BE3C-94E3-4695-A24D-CBB064B09C48}
	EndGlobalSection
EndGlobal
